// !$*UTF8*$!
{
	archiveVersion = 1;
	classes = {
	};
	objectVersion = 50;
	objects = {

/* Begin PBXBuildFile section */
		0338C2C6BBEDBEA1A3BE9AC7 /* Pods_Poke_mon.framework in Frameworks */ = {isa = PBXBuildFile; fileRef = EA2E3C988862D0D1324A437E /* Pods_Poke_mon.framework */; };
		78262D232199DFA700140189 /* AppDelegate.swift in Sources */ = {isa = PBXBuildFile; fileRef = 78262D222199DFA700140189 /* AppDelegate.swift */; };
		78262D252199DFA700140189 /* ViewController.swift in Sources */ = {isa = PBXBuildFile; fileRef = 78262D242199DFA700140189 /* ViewController.swift */; };
		78262D282199DFA700140189 /* Main.storyboard in Resources */ = {isa = PBXBuildFile; fileRef = 78262D262199DFA700140189 /* Main.storyboard */; };
		78262D2A2199DFA800140189 /* Assets.xcassets in Resources */ = {isa = PBXBuildFile; fileRef = 78262D292199DFA800140189 /* Assets.xcassets */; };
		78262D2D2199DFA800140189 /* LaunchScreen.storyboard in Resources */ = {isa = PBXBuildFile; fileRef = 78262D2B2199DFA800140189 /* LaunchScreen.storyboard */; };
/* End PBXBuildFile section */

/* Begin PBXFileReference section */
		78262D1F2199DFA700140189 /* Pokèmon.app */ = {isa = PBXFileReference; explicitFileType = wrapper.application; includeInIndex = 0; path = "Pokèmon.app"; sourceTree = BUILT_PRODUCTS_DIR; };
		78262D222199DFA700140189 /* AppDelegate.swift */ = {isa = PBXFileReference; lastKnownFileType = sourcecode.swift; path = AppDelegate.swift; sourceTree = "<group>"; };
		78262D242199DFA700140189 /* ViewController.swift */ = {isa = PBXFileReference; lastKnownFileType = sourcecode.swift; path = ViewController.swift; sourceTree = "<group>"; };
		78262D272199DFA700140189 /* Base */ = {isa = PBXFileReference; lastKnownFileType = file.storyboard; name = Base; path = Base.lproj/Main.storyboard; sourceTree = "<group>"; };
		78262D292199DFA800140189 /* Assets.xcassets */ = {isa = PBXFileReference; lastKnownFileType = folder.assetcatalog; path = Assets.xcassets; sourceTree = "<group>"; };
		78262D2C2199DFA800140189 /* Base */ = {isa = PBXFileReference; lastKnownFileType = file.storyboard; name = Base; path = Base.lproj/LaunchScreen.storyboard; sourceTree = "<group>"; };
		78262D2E2199DFA800140189 /* Info.plist */ = {isa = PBXFileReference; lastKnownFileType = text.plist.xml; path = Info.plist; sourceTree = "<group>"; };
		96D8EF115E373359CD65B1E6 /* Pods-Pokèmon.release.xcconfig */ = {isa = PBXFileReference; includeInIndex = 1; lastKnownFileType = text.xcconfig; name = "Pods-Pokèmon.release.xcconfig"; path = "Pods/Target Support Files/Pods-Pokèmon/Pods-Pokèmon.release.xcconfig"; sourceTree = "<group>"; };
		99C242CF46C0E474769B411D /* Pods-Pokèmon.debug.xcconfig */ = {isa = PBXFileReference; includeInIndex = 1; lastKnownFileType = text.xcconfig; name = "Pods-Pokèmon.debug.xcconfig"; path = "Pods/Target Support Files/Pods-Pokèmon/Pods-Pokèmon.debug.xcconfig"; sourceTree = "<group>"; };
		EA2E3C988862D0D1324A437E /* Pods_Poke_mon.framework */ = {isa = PBXFileReference; explicitFileType = wrapper.framework; includeInIndex = 0; path = Pods_Poke_mon.framework; sourceTree = BUILT_PRODUCTS_DIR; };
/* End PBXFileReference section */

/* Begin PBXFrameworksBuildPhase section */
		78262D1C2199DFA700140189 /* Frameworks */ = {
			isa = PBXFrameworksBuildPhase;
			buildActionMask = 2147483647;
			files = (
				0338C2C6BBEDBEA1A3BE9AC7 /* Pods_Poke_mon.framework in Frameworks */,
			);
			runOnlyForDeploymentPostprocessing = 0;
		};
/* End PBXFrameworksBuildPhase section */

/* Begin PBXGroup section */
		4F16E58852DF22FC7CEA2AFE /* Frameworks */ = {
			isa = PBXGroup;
			children = (
				EA2E3C988862D0D1324A437E /* Pods_Poke_mon.framework */,
			);
			name = Frameworks;
			sourceTree = "<group>";
		};
		78262D162199DFA700140189 = {
			isa = PBXGroup;
			children = (
				78262D212199DFA700140189 /* Pokèmon */,
				78262D202199DFA700140189 /* Products */,
				F66E5BB193345754F502AF66 /* Pods */,
				4F16E58852DF22FC7CEA2AFE /* Frameworks */,
			);
			sourceTree = "<group>";
		};
		78262D202199DFA700140189 /* Products */ = {
			isa = PBXGroup;
			children = (
				78262D1F2199DFA700140189 /* Pokèmon.app */,
			);
			name = Products;
			sourceTree = "<group>";
		};
		78262D212199DFA700140189 /* Pokèmon */ = {
			isa = PBXGroup;
			children = (
				78262D222199DFA700140189 /* AppDelegate.swift */,
				78262D242199DFA700140189 /* ViewController.swift */,
				78262D262199DFA700140189 /* Main.storyboard */,
				78262D292199DFA800140189 /* Assets.xcassets */,
				78262D2B2199DFA800140189 /* LaunchScreen.storyboard */,
				78262D2E2199DFA800140189 /* Info.plist */,
			);
			path = "Pokèmon";
			sourceTree = "<group>";
		};
		F66E5BB193345754F502AF66 /* Pods */ = {
			isa = PBXGroup;
			children = (
				99C242CF46C0E474769B411D /* Pods-Pokèmon.debug.xcconfig */,
				96D8EF115E373359CD65B1E6 /* Pods-Pokèmon.release.xcconfig */,
			);
			name = Pods;
			sourceTree = "<group>";
		};
/* End PBXGroup section */

/* Begin PBXNativeTarget section */
		78262D1E2199DFA700140189 /* Pokèmon */ = {
			isa = PBXNativeTarget;
			buildConfigurationList = 78262D312199DFA800140189 /* Build configuration list for PBXNativeTarget "Pokèmon" */;
			buildPhases = (
				B1CC6738A5F1F81701550C5D /* [CP] Check Pods Manifest.lock */,
				78262D1B2199DFA700140189 /* Sources */,
				78262D1C2199DFA700140189 /* Frameworks */,
				78262D1D2199DFA700140189 /* Resources */,
				FCA31E0A57167F9C4760656F /* [CP] Embed Pods Frameworks */,
			);
			buildRules = (
			);
			dependencies = (
			);
			name = "Pokèmon";
			productName = "Pokèmon";
			productReference = 78262D1F2199DFA700140189 /* Pokèmon.app */;
			productType = "com.apple.product-type.application";
		};
/* End PBXNativeTarget section */

/* Begin PBXProject section */
		78262D172199DFA700140189 /* Project object */ = {
			isa = PBXProject;
			attributes = {
				LastSwiftUpdateCheck = 1010;
				LastUpgradeCheck = 1010;
				ORGANIZATIONNAME = "Carter West";
				TargetAttributes = {
					78262D1E2199DFA700140189 = {
						CreatedOnToolsVersion = 10.1;
					};
				};
			};
			buildConfigurationList = 78262D1A2199DFA700140189 /* Build configuration list for PBXProject "Pokèmon" */;
			compatibilityVersion = "Xcode 9.3";
			developmentRegion = en;
			hasScannedForEncodings = 0;
			knownRegions = (
				en,
				Base,
			);
			mainGroup = 78262D162199DFA700140189;
			productRefGroup = 78262D202199DFA700140189 /* Products */;
			projectDirPath = "";
			projectRoot = "";
			targets = (
				78262D1E2199DFA700140189 /* Pokèmon */,
			);
		};
/* End PBXProject section */

/* Begin PBXResourcesBuildPhase section */
		78262D1D2199DFA700140189 /* Resources */ = {
			isa = PBXResourcesBuildPhase;
			buildActionMask = 2147483647;
			files = (
				78262D2D2199DFA800140189 /* LaunchScreen.storyboard in Resources */,
				78262D2A2199DFA800140189 /* Assets.xcassets in Resources */,
				78262D282199DFA700140189 /* Main.storyboard in Resources */,
			);
			runOnlyForDeploymentPostprocessing = 0;
		};
/* End PBXResourcesBuildPhase section */

/* Begin PBXShellScriptBuildPhase section */
		B1CC6738A5F1F81701550C5D /* [CP] Check Pods Manifest.lock */ = {
			isa = PBXShellScriptBuildPhase;
			buildActionMask = 2147483647;
			files = (
			);
			inputPaths = (
				"${PODS_PODFILE_DIR_PATH}/Podfile.lock",
				"${PODS_ROOT}/Manifest.lock",
			);
			name = "[CP] Check Pods Manifest.lock";
			outputPaths = (
				"$(DERIVED_FILE_DIR)/Pods-Pokèmon-checkManifestLockResult.txt",
			);
			runOnlyForDeploymentPostprocessing = 0;
			shellPath = /bin/sh;
			shellScript = "diff \"${PODS_PODFILE_DIR_PATH}/Podfile.lock\" \"${PODS_ROOT}/Manifest.lock\" > /dev/null\nif [ $? != 0 ] ; then\n    # print error to STDERR\n    echo \"error: The sandbox is not in sync with the Podfile.lock. Run 'pod install' or update your CocoaPods installation.\" >&2\n    exit 1\nfi\n# This output is used by Xcode 'outputs' to avoid re-running this script phase.\necho \"SUCCESS\" > \"${SCRIPT_OUTPUT_FILE_0}\"\n";
			showEnvVarsInLog = 0;
		};
		FCA31E0A57167F9C4760656F /* [CP] Embed Pods Frameworks */ = {
			isa = PBXShellScriptBuildPhase;
			buildActionMask = 2147483647;
			files = (
			);
			inputPaths = (
				"${SRCROOT}/Pods/Target Support Files/Pods-Pokèmon/Pods-Pokèmon-frameworks.sh",
				"${BUILT_PRODUCTS_DIR}/Alamofire/Alamofire.framework",
				"${BUILT_PRODUCTS_DIR}/SwiftyJSON/SwiftyJSON.framework",
			);
			name = "[CP] Embed Pods Frameworks";
			outputPaths = (
				"${TARGET_BUILD_DIR}/${FRAMEWORKS_FOLDER_PATH}/Alamofire.framework",
				"${TARGET_BUILD_DIR}/${FRAMEWORKS_FOLDER_PATH}/SwiftyJSON.framework",
			);
			runOnlyForDeploymentPostprocessing = 0;
			shellPath = /bin/sh;
			shellScript = "\"${SRCROOT}/Pods/Target Support Files/Pods-Pokèmon/Pods-Pokèmon-frameworks.sh\"\n";
			showEnvVarsInLog = 0;
		};
/* End PBXShellScriptBuildPhase section */

/* Begin PBXSourcesBuildPhase section */
		78262D1B2199DFA700140189 /* Sources */ = {
			isa = PBXSourcesBuildPhase;
			buildActionMask = 2147483647;
			files = (
				78262D252199DFA700140189 /* ViewController.swift in Sources */,
				78262D232199DFA700140189 /* AppDelegate.swift in Sources */,
			);
			runOnlyForDeploymentPostprocessing = 0;
		};
/* End PBXSourcesBuildPhase section */

/* Begin PBXVariantGroup section */
		78262D262199DFA700140189 /* Main.storyboard */ = {
			isa = PBXVariantGroup;
			children = (
				78262D272199DFA700140189 /* Base */,
			);
			name = Main.storyboard;
			sourceTree = "<group>";
		};
		78262D2B2199DFA800140189 /* LaunchScreen.storyboard */ = {
			isa = PBXVariantGroup;
			children = (
				78262D2C2199DFA800140189 /* Base */,
			);
			name = LaunchScreen.storyboard;
			sourceTree = "<group>";
		};
/* End PBXVariantGroup section */

/* Begin XCBuildConfiguration section */
		78262D2F2199DFA800140189 /* Debug */ = {
			isa = XCBuildConfiguration;
			buildSettings = {
				ALWAYS_SEARCH_USER_PATHS = NO;
				CLANG_ANALYZER_NONNULL = YES;
				CLANG_ANALYZER_NUMBER_OBJECT_CONVERSION = YES_AGGRESSIVE;
				CLANG_CXX_LANGUAGE_STANDARD = "gnu++14";
				CLANG_CXX_LIBRARY = "libc++";
				CLANG_ENABLE_MODULES = YES;
				CLANG_ENABLE_OBJC_ARC = YES;
				CLANG_ENABLE_OBJC_WEAK = YES;
				CLANG_WARN_BLOCK_CAPTURE_AUTORELEASING = YES;
				CLANG_WARN_BOOL_CONVERSION = YES;
				CLANG_WARN_COMMA = YES;
				CLANG_WARN_CONSTANT_CONVERSION = YES;
				CLANG_WARN_DEPRECATED_OBJC_IMPLEMENTATIONS = YES;
				CLANG_WARN_DIRECT_OBJC_ISA_USAGE = YES_ERROR;
				CLANG_WARN_DOCUMENTATION_COMMENTS = YES;
				CLANG_WARN_EMPTY_BODY = YES;
				CLANG_WARN_ENUM_CONVERSION = YES;
				CLANG_WARN_INFINITE_RECURSION = YES;
				CLANG_WARN_INT_CONVERSION = YES;
				CLANG_WARN_NON_LITERAL_NULL_CONVERSION = YES;
				CLANG_WARN_OBJC_IMPLICIT_RETAIN_SELF = YES;
				CLANG_WARN_OBJC_LITERAL_CONVERSION = YES;
				CLANG_WARN_OBJC_ROOT_CLASS = YES_ERROR;
				CLANG_WARN_RANGE_LOOP_ANALYSIS = YES;
				CLANG_WARN_STRICT_PROTOTYPES = YES;
				CLANG_WARN_SUSPICIOUS_MOVE = YES;
				CLANG_WARN_UNGUARDED_AVAILABILITY = YES_AGGRESSIVE;
				CLANG_WARN_UNREACHABLE_CODE = YES;
				CLANG_WARN__DUPLICATE_METHOD_MATCH = YES;
				CODE_SIGN_IDENTITY = "iPhone Developer";
				COPY_PHASE_STRIP = NO;
				DEBUG_INFORMATION_FORMAT = dwarf;
				ENABLE_STRICT_OBJC_MSGSEND = YES;
				ENABLE_TESTABILITY = YES;
				GCC_C_LANGUAGE_STANDARD = gnu11;
				GCC_DYNAMIC_NO_PIC = NO;
				GCC_NO_COMMON_BLOCKS = YES;
				GCC_OPTIMIZATION_LEVEL = 0;
				GCC_PREPROCESSOR_DEFINITIONS = (
					"DEBUG=1",
					"$(inherited)",
				);
				GCC_WARN_64_TO_32_BIT_CONVERSION = YES;
				GCC_WARN_ABOUT_RETURN_TYPE = YES_ERROR;
				GCC_WARN_UNDECLARED_SELECTOR = YES;
				GCC_WARN_UNINITIALIZED_AUTOS = YES_AGGRESSIVE;
				GCC_WARN_UNUSED_FUNCTION = YES;
				GCC_WARN_UNUSED_VARIABLE = YES;
				IPHONEOS_DEPLOYMENT_TARGET = 12.1;
				MTL_ENABLE_DEBUG_INFO = INCLUDE_SOURCE;
				MTL_FAST_MATH = YES;
				ONLY_ACTIVE_ARCH = YES;
				SDKROOT = iphoneos;
				SWIFT_ACTIVE_COMPILATION_CONDITIONS = DEBUG;
				SWIFT_OPTIMIZATION_LEVEL = "-Onone";
			};
			name = Debug;
		};
		78262D302199DFA800140189 /* Release */ = {
			isa = XCBuildConfiguration;
			buildSettings = {
				ALWAYS_SEARCH_USER_PATHS = NO;
				CLANG_ANALYZER_NONNULL = YES;
				CLANG_ANALYZER_NUMBER_OBJECT_CONVERSION = YES_AGGRESSIVE;
				CLANG_CXX_LANGUAGE_STANDARD = "gnu++14";
				CLANG_CXX_LIBRARY = "libc++";
				CLANG_ENABLE_MODULES = YES;
				CLANG_ENABLE_OBJC_ARC = YES;
				CLANG_ENABLE_OBJC_WEAK = YES;
				CLANG_WARN_BLOCK_CAPTURE_AUTORELEASING = YES;
				CLANG_WARN_BOOL_CONVERSION = YES;
				CLANG_WARN_COMMA = YES;
				CLANG_WARN_CONSTANT_CONVERSION = YES;
				CLANG_WARN_DEPRECATED_OBJC_IMPLEMENTATIONS = YES;
				CLANG_WARN_DIRECT_OBJC_ISA_USAGE = YES_ERROR;
				CLANG_WARN_DOCUMENTATION_COMMENTS = YES;
				CLANG_WARN_EMPTY_BODY = YES;
				CLANG_WARN_ENUM_CONVERSION = YES;
				CLANG_WARN_INFINITE_RECURSION = YES;
				CLANG_WARN_INT_CONVERSION = YES;
				CLANG_WARN_NON_LITERAL_NULL_CONVERSION = YES;
				CLANG_WARN_OBJC_IMPLICIT_RETAIN_SELF = YES;
				CLANG_WARN_OBJC_LITERAL_CONVERSION = YES;
				CLANG_WARN_OBJC_ROOT_CLASS = YES_ERROR;
				CLANG_WARN_RANGE_LOOP_ANALYSIS = YES;
				CLANG_WARN_STRICT_PROTOTYPES = YES;
				CLANG_WARN_SUSPICIOUS_MOVE = YES;
				CLANG_WARN_UNGUARDED_AVAILABILITY = YES_AGGRESSIVE;
				CLANG_WARN_UNREACHABLE_CODE = YES;
				CLANG_WARN__DUPLICATE_METHOD_MATCH = YES;
				CODE_SIGN_IDENTITY = "iPhone Developer";
				COPY_PHASE_STRIP = NO;
				DEBUG_INFORMATION_FORMAT = "dwarf-with-dsym";
				ENABLE_NS_ASSERTIONS = NO;
				ENABLE_STRICT_OBJC_MSGSEND = YES;
				GCC_C_LANGUAGE_STANDARD = gnu11;
				GCC_NO_COMMON_BLOCKS = YES;
				GCC_WARN_64_TO_32_BIT_CONVERSION = YES;
				GCC_WARN_ABOUT_RETURN_TYPE = YES_ERROR;
				GCC_WARN_UNDECLARED_SELECTOR = YES;
				GCC_WARN_UNINITIALIZED_AUTOS = YES_AGGRESSIVE;
				GCC_WARN_UNUSED_FUNCTION = YES;
				GCC_WARN_UNUSED_VARIABLE = YES;
				IPHONEOS_DEPLOYMENT_TARGET = 12.1;
				MTL_ENABLE_DEBUG_INFO = NO;
				MTL_FAST_MATH = YES;
				SDKROOT = iphoneos;
				SWIFT_COMPILATION_MODE = wholemodule;
				SWIFT_OPTIMIZATION_LEVEL = "-O";
				VALIDATE_PRODUCT = YES;
			};
			name = Release;
		};
		78262D322199DFA800140189 /* Debug */ = {
			isa = XCBuildConfiguration;
			baseConfigurationReference = 99C242CF46C0E474769B411D /* Pods-Pokèmon.debug.xcconfig */;
			buildSettings = {
				ASSETCATALOG_COMPILER_APPICON_NAME = AppIcon;
				CODE_SIGN_STYLE = Automatic;
				INFOPLIST_FILE = "Pokèmon/Info.plist";
				LD_RUNPATH_SEARCH_PATHS = (
					"$(inherited)",
					"@executable_path/Frameworks",
				);
				PRODUCT_BUNDLE_IDENTIFIER = "com.carterWest.Poke-mon";
				PRODUCT_NAME = "$(TARGET_NAME)";
				SWIFT_VERSION = 4.2;
				TARGETED_DEVICE_FAMILY = "1,2";
			};
			name = Debug;
		};
		78262D332199DFA800140189 /* Release */ = {
			isa = XCBuildConfiguration;
			baseConfigurationReference = 96D8EF115E373359CD65B1E6 /* Pods-Pokèmon.release.xcconfig */;
			buildSettings = {
				ASSETCATALOG_COMPILER_APPICON_NAME = AppIcon;
				CODE_SIGN_STYLE = Automatic;
				INFOPLIST_FILE = "Pokèmon/Info.plist";
				LD_RUNPATH_SEARCH_PATHS = (
					"$(inherited)",
					"@executable_path/Frameworks",
				);
				PRODUCT_BUNDLE_IDENTIFIER = "com.carterWest.Poke-mon";
				PRODUCT_NAME = "$(TARGET_NAME)";
				SWIFT_VERSION = 4.2;
				TARGETED_DEVICE_FAMILY = "1,2";
			};
			name = Release;
		};
/* End XCBuildConfiguration section */

/* Begin XCConfigurationList section */
		78262D1A2199DFA700140189 /* Build configuration list for PBXProject "Pokèmon" */ = {
			isa = XCConfigurationList;
			buildConfigurations = (
				78262D2F2199DFA800140189 /* Debug */,
				78262D302199DFA800140189 /* Release */,
			);
			defaultConfigurationIsVisible = 0;
			defaultConfigurationName = Release;
		};
		78262D312199DFA800140189 /* Build configuration list for PBXNativeTarget "Pokèmon" */ = {
			isa = XCConfigurationList;
			buildConfigurations = (
				78262D322199DFA800140189 /* Debug */,
				78262D332199DFA800140189 /* Release */,
			);
			defaultConfigurationIsVisible = 0;
			defaultConfigurationName = Release;
		};
/* End XCConfigurationList section */
	};
	rootObject = 78262D172199DFA700140189 /* Project object */;
}
